// !$*UTF8*$!
{
	archiveVersion = 1;
	classes = {
	};
	objectVersion = 48;
	objects = {

/* Begin PBXBuildFile section */
		24777E5D1FBDE8D500CB14E4 /* AppDelegate.swift in Sources */ = {isa = PBXBuildFile; fileRef = 24777E5C1FBDE8D500CB14E4 /* AppDelegate.swift */; };
		24777E5F1FBDE8D500CB14E4 /* ViewController.swift in Sources */ = {isa = PBXBuildFile; fileRef = 24777E5E1FBDE8D500CB14E4 /* ViewController.swift */; };
		24777E621FBDE8D500CB14E4 /* Main.storyboard in Resources */ = {isa = PBXBuildFile; fileRef = 24777E601FBDE8D500CB14E4 /* Main.storyboard */; };
		24777E641FBDE8D500CB14E4 /* Assets.xcassets in Resources */ = {isa = PBXBuildFile; fileRef = 24777E631FBDE8D500CB14E4 /* Assets.xcassets */; };
		24777E671FBDE8D500CB14E4 /* LaunchScreen.storyboard in Resources */ = {isa = PBXBuildFile; fileRef = 24777E651FBDE8D500CB14E4 /* LaunchScreen.storyboard */; };
		24777E721FBDE8D500CB14E4 /* LongPressGestureTests.swift in Sources */ = {isa = PBXBuildFile; fileRef = 24777E711FBDE8D500CB14E4 /* LongPressGestureTests.swift */; };
		24777E7D1FBDE8D500CB14E4 /* LongPressGestureUITests.swift in Sources */ = {isa = PBXBuildFile; fileRef = 24777E7C1FBDE8D500CB14E4 /* LongPressGestureUITests.swift */; };
/* End PBXBuildFile section */

/* Begin PBXContainerItemProxy section */
		24777E6E1FBDE8D500CB14E4 /* PBXContainerItemProxy */ = {
			isa = PBXContainerItemProxy;
			containerPortal = 24777E511FBDE8D500CB14E4 /* Project object */;
			proxyType = 1;
			remoteGlobalIDString = 24777E581FBDE8D500CB14E4;
			remoteInfo = LongPressGesture;
		};
		24777E791FBDE8D500CB14E4 /* PBXContainerItemProxy */ = {
			isa = PBXContainerItemProxy;
			containerPortal = 24777E511FBDE8D500CB14E4 /* Project object */;
			proxyType = 1;
			remoteGlobalIDString = 24777E581FBDE8D500CB14E4;
			remoteInfo = LongPressGesture;
		};
/* End PBXContainerItemProxy section */

/* Begin PBXFileReference section */
		24777E591FBDE8D500CB14E4 /* LongPressGesture.app */ = {isa = PBXFileReference; explicitFileType = wrapper.application; includeInIndex = 0; path = LongPressGesture.app; sourceTree = BUILT_PRODUCTS_DIR; };
		24777E5C1FBDE8D500CB14E4 /* AppDelegate.swift */ = {isa = PBXFileReference; lastKnownFileType = sourcecode.swift; path = AppDelegate.swift; sourceTree = "<group>"; };
		24777E5E1FBDE8D500CB14E4 /* ViewController.swift */ = {isa = PBXFileReference; lastKnownFileType = sourcecode.swift; path = ViewController.swift; sourceTree = "<group>"; };
		24777E611FBDE8D500CB14E4 /* Base */ = {isa = PBXFileReference; lastKnownFileType = file.storyboard; name = Base; path = Base.lproj/Main.storyboard; sourceTree = "<group>"; };
		24777E631FBDE8D500CB14E4 /* Assets.xcassets */ = {isa = PBXFileReference; lastKnownFileType = folder.assetcatalog; path = Assets.xcassets; sourceTree = "<group>"; };
		24777E661FBDE8D500CB14E4 /* Base */ = {isa = PBXFileReference; lastKnownFileType = file.storyboard; name = Base; path = Base.lproj/LaunchScreen.storyboard; sourceTree = "<group>"; };
		24777E681FBDE8D500CB14E4 /* Info.plist */ = {isa = PBXFileReference; lastKnownFileType = text.plist.xml; path = Info.plist; sourceTree = "<group>"; };
		24777E6D1FBDE8D500CB14E4 /* LongPressGestureTests.xctest */ = {isa = PBXFileReference; explicitFileType = wrapper.cfbundle; includeInIndex = 0; path = LongPressGestureTests.xctest; sourceTree = BUILT_PRODUCTS_DIR; };
		24777E711FBDE8D500CB14E4 /* LongPressGestureTests.swift */ = {isa = PBXFileReference; lastKnownFileType = sourcecode.swift; path = LongPressGestureTests.swift; sourceTree = "<group>"; };
		24777E731FBDE8D500CB14E4 /* Info.plist */ = {isa = PBXFileReference; lastKnownFileType = text.plist.xml; path = Info.plist; sourceTree = "<group>"; };
		24777E781FBDE8D500CB14E4 /* LongPressGestureUITests.xctest */ = {isa = PBXFileReference; explicitFileType = wrapper.cfbundle; includeInIndex = 0; path = LongPressGestureUITests.xctest; sourceTree = BUILT_PRODUCTS_DIR; };
		24777E7C1FBDE8D500CB14E4 /* LongPressGestureUITests.swift */ = {isa = PBXFileReference; lastKnownFileType = sourcecode.swift; path = LongPressGestureUITests.swift; sourceTree = "<group>"; };
		24777E7E1FBDE8D500CB14E4 /* Info.plist */ = {isa = PBXFileReference; lastKnownFileType = text.plist.xml; path = Info.plist; sourceTree = "<group>"; };
/* End PBXFileReference section */

/* Begin PBXFrameworksBuildPhase section */
		24777E561FBDE8D500CB14E4 /* Frameworks */ = {
			isa = PBXFrameworksBuildPhase;
			buildActionMask = 2147483647;
			files = (
			);
			runOnlyForDeploymentPostprocessing = 0;
		};
		24777E6A1FBDE8D500CB14E4 /* Frameworks */ = {
			isa = PBXFrameworksBuildPhase;
			buildActionMask = 2147483647;
			files = (
			);
			runOnlyForDeploymentPostprocessing = 0;
		};
		24777E751FBDE8D500CB14E4 /* Frameworks */ = {
			isa = PBXFrameworksBuildPhase;
			buildActionMask = 2147483647;
			files = (
			);
			runOnlyForDeploymentPostprocessing = 0;
		};
/* End PBXFrameworksBuildPhase section */

/* Begin PBXGroup section */
		24777E501FBDE8D500CB14E4 = {
			isa = PBXGroup;
			children = (
				24777E5B1FBDE8D500CB14E4 /* LongPressGesture */,
				24777E701FBDE8D500CB14E4 /* LongPressGestureTests */,
				24777E7B1FBDE8D500CB14E4 /* LongPressGestureUITests */,
				24777E5A1FBDE8D500CB14E4 /* Products */,
			);
			sourceTree = "<group>";
		};
		24777E5A1FBDE8D500CB14E4 /* Products */ = {
			isa = PBXGroup;
			children = (
				24777E591FBDE8D500CB14E4 /* LongPressGesture.app */,
				24777E6D1FBDE8D500CB14E4 /* LongPressGestureTests.xctest */,
				24777E781FBDE8D500CB14E4 /* LongPressGestureUITests.xctest */,
			);
			name = Products;
			sourceTree = "<group>";
		};
		24777E5B1FBDE8D500CB14E4 /* LongPressGesture */ = {
			isa = PBXGroup;
			children = (
				24777E5C1FBDE8D500CB14E4 /* AppDelegate.swift */,
				24777E5E1FBDE8D500CB14E4 /* ViewController.swift */,
				24777E601FBDE8D500CB14E4 /* Main.storyboard */,
				24777E631FBDE8D500CB14E4 /* Assets.xcassets */,
				24777E651FBDE8D500CB14E4 /* LaunchScreen.storyboard */,
				24777E681FBDE8D500CB14E4 /* Info.plist */,
			);
			path = LongPressGesture;
			sourceTree = "<group>";
		};
		24777E701FBDE8D500CB14E4 /* LongPressGestureTests */ = {
			isa = PBXGroup;
			children = (
				24777E711FBDE8D500CB14E4 /* LongPressGestureTests.swift */,
				24777E731FBDE8D500CB14E4 /* Info.plist */,
			);
			path = LongPressGestureTests;
			sourceTree = "<group>";
		};
		24777E7B1FBDE8D500CB14E4 /* LongPressGestureUITests */ = {
			isa = PBXGroup;
			children = (
				24777E7C1FBDE8D500CB14E4 /* LongPressGestureUITests.swift */,
				24777E7E1FBDE8D500CB14E4 /* Info.plist */,
			);
			path = LongPressGestureUITests;
			sourceTree = "<group>";
		};
/* End PBXGroup section */

/* Begin PBXNativeTarget section */
		24777E581FBDE8D500CB14E4 /* LongPressGesture */ = {
			isa = PBXNativeTarget;
			buildConfigurationList = 24777E811FBDE8D500CB14E4 /* Build configuration list for PBXNativeTarget "LongPressGesture" */;
			buildPhases = (
				24777E551FBDE8D500CB14E4 /* Sources */,
				24777E561FBDE8D500CB14E4 /* Frameworks */,
				24777E571FBDE8D500CB14E4 /* Resources */,
			);
			buildRules = (
			);
			dependencies = (
			);
			name = LongPressGesture;
			productName = LongPressGesture;
			productReference = 24777E591FBDE8D500CB14E4 /* LongPressGesture.app */;
			productType = "com.apple.product-type.application";
		};
		24777E6C1FBDE8D500CB14E4 /* LongPressGestureTests */ = {
			isa = PBXNativeTarget;
			buildConfigurationList = 24777E841FBDE8D500CB14E4 /* Build configuration list for PBXNativeTarget "LongPressGestureTests" */;
			buildPhases = (
				24777E691FBDE8D500CB14E4 /* Sources */,
				24777E6A1FBDE8D500CB14E4 /* Frameworks */,
				24777E6B1FBDE8D500CB14E4 /* Resources */,
			);
			buildRules = (
			);
			dependencies = (
				24777E6F1FBDE8D500CB14E4 /* PBXTargetDependency */,
			);
			name = LongPressGestureTests;
			productName = LongPressGestureTests;
			productReference = 24777E6D1FBDE8D500CB14E4 /* LongPressGestureTests.xctest */;
			productType = "com.apple.product-type.bundle.unit-test";
		};
		24777E771FBDE8D500CB14E4 /* LongPressGestureUITests */ = {
			isa = PBXNativeTarget;
			buildConfigurationList = 24777E871FBDE8D500CB14E4 /* Build configuration list for PBXNativeTarget "LongPressGestureUITests" */;
			buildPhases = (
				24777E741FBDE8D500CB14E4 /* Sources */,
				24777E751FBDE8D500CB14E4 /* Frameworks */,
				24777E761FBDE8D500CB14E4 /* Resources */,
			);
			buildRules = (
			);
			dependencies = (
				24777E7A1FBDE8D500CB14E4 /* PBXTargetDependency */,
			);
			name = LongPressGestureUITests;
			productName = LongPressGestureUITests;
			productReference = 24777E781FBDE8D500CB14E4 /* LongPressGestureUITests.xctest */;
			productType = "com.apple.product-type.bundle.ui-testing";
		};
/* End PBXNativeTarget section */

/* Begin PBXProject section */
		24777E511FBDE8D500CB14E4 /* Project object */ = {
			isa = PBXProject;
			attributes = {
				LastSwiftUpdateCheck = 0900;
				LastUpgradeCheck = 0900;
				ORGANIZATIONNAME = iOSRevisited;
				TargetAttributes = {
					24777E581FBDE8D500CB14E4 = {
						CreatedOnToolsVersion = 9.0.1;
						ProvisioningStyle = Automatic;
					};
					24777E6C1FBDE8D500CB14E4 = {
						CreatedOnToolsVersion = 9.0.1;
						ProvisioningStyle = Automatic;
						TestTargetID = 24777E581FBDE8D500CB14E4;
					};
					24777E771FBDE8D500CB14E4 = {
						CreatedOnToolsVersion = 9.0.1;
						ProvisioningStyle = Automatic;
						TestTargetID = 24777E581FBDE8D500CB14E4;
					};
				};
			};
			buildConfigurationList = 24777E541FBDE8D500CB14E4 /* Build configuration list for PBXProject "LongPressGesture" */;
			compatibilityVersion = "Xcode 8.0";
			developmentRegion = en;
			hasScannedForEncodings = 0;
			knownRegions = (
				en,
				Base,
			);
			mainGroup = 24777E501FBDE8D500CB14E4;
			productRefGroup = 24777E5A1FBDE8D500CB14E4 /* Products */;
			projectDirPath = "";
			projectRoot = "";
			targets = (
				24777E581FBDE8D500CB14E4 /* LongPressGesture */,
				24777E6C1FBDE8D500CB14E4 /* LongPressGestureTests */,
				24777E771FBDE8D500CB14E4 /* LongPressGestureUITests */,
			);
		};
/* End PBXProject section */

/* Begin PBXResourcesBuildPhase section */
		24777E571FBDE8D500CB14E4 /* Resources */ = {
			isa = PBXResourcesBuildPhase;
			buildActionMask = 2147483647;
			files = (
				24777E671FBDE8D500CB14E4 /* LaunchScreen.storyboard in Resources */,
				24777E641FBDE8D500CB14E4 /* Assets.xcassets in Resources */,
				24777E621FBDE8D500CB14E4 /* Main.storyboard in Resources */,
			);
			runOnlyForDeploymentPostprocessing = 0;
		};
		24777E6B1FBDE8D500CB14E4 /* Resources */ = {
			isa = PBXResourcesBuildPhase;
			buildActionMask = 2147483647;
			files = (
			);
			runOnlyForDeploymentPostprocessing = 0;
		};
		24777E761FBDE8D500CB14E4 /* Resources */ = {
			isa = PBXResourcesBuildPhase;
			buildActionMask = 2147483647;
			files = (
			);
			runOnlyForDeploymentPostprocessing = 0;
		};
/* End PBXResourcesBuildPhase section */

/* Begin PBXSourcesBuildPhase section */
		24777E551FBDE8D500CB14E4 /* Sources */ = {
			isa = PBXSourcesBuildPhase;
			buildActionMask = 2147483647;
			files = (
				24777E5F1FBDE8D500CB14E4 /* ViewController.swift in Sources */,
				24777E5D1FBDE8D500CB14E4 /* AppDelegate.swift in Sources */,
			);
			runOnlyForDeploymentPostprocessing = 0;
		};
		24777E691FBDE8D500CB14E4 /* Sources */ = {
			isa = PBXSourcesBuildPhase;
			buildActionMask = 2147483647;
			files = (
				24777E721FBDE8D500CB14E4 /* LongPressGestureTests.swift in Sources */,
			);
			runOnlyForDeploymentPostprocessing = 0;
		};
		24777E741FBDE8D500CB14E4 /* Sources */ = {
			isa = PBXSourcesBuildPhase;
			buildActionMask = 2147483647;
			files = (
				24777E7D1FBDE8D500CB14E4 /* LongPressGestureUITests.swift in Sources */,
			);
			runOnlyForDeploymentPostprocessing = 0;
		};
/* End PBXSourcesBuildPhase section */

/* Begin PBXTargetDependency section */
		24777E6F1FBDE8D500CB14E4 /* PBXTargetDependency */ = {
			isa = PBXTargetDependency;
			target = 24777E581FBDE8D500CB14E4 /* LongPressGesture */;
			targetProxy = 24777E6E1FBDE8D500CB14E4 /* PBXContainerItemProxy */;
		};
		24777E7A1FBDE8D500CB14E4 /* PBXTargetDependency */ = {
			isa = PBXTargetDependency;
			target = 24777E581FBDE8D500CB14E4 /* LongPressGesture */;
			targetProxy = 24777E791FBDE8D500CB14E4 /* PBXContainerItemProxy */;
		};
/* End PBXTargetDependency section */

/* Begin PBXVariantGroup section */
		24777E601FBDE8D500CB14E4 /* Main.storyboard */ = {
			isa = PBXVariantGroup;
			children = (
				24777E611FBDE8D500CB14E4 /* Base */,
			);
			name = Main.storyboard;
			sourceTree = "<group>";
		};
		24777E651FBDE8D500CB14E4 /* LaunchScreen.storyboard */ = {
			isa = PBXVariantGroup;
			children = (
				24777E661FBDE8D500CB14E4 /* Base */,
			);
			name = LaunchScreen.storyboard;
			sourceTree = "<group>";
		};
/* End PBXVariantGroup section */

/* Begin XCBuildConfiguration section */
		24777E7F1FBDE8D500CB14E4 /* Debug */ = {
			isa = XCBuildConfiguration;
			buildSettings = {
				ALWAYS_SEARCH_USER_PATHS = NO;
				CLANG_ANALYZER_NONNULL = YES;
				CLANG_ANALYZER_NUMBER_OBJECT_CONVERSION = YES_AGGRESSIVE;
				CLANG_CXX_LANGUAGE_STANDARD = "gnu++14";
				CLANG_CXX_LIBRARY = "libc++";
				CLANG_ENABLE_MODULES = YES;
				CLANG_ENABLE_OBJC_ARC = YES;
				CLANG_WARN_BLOCK_CAPTURE_AUTORELEASING = YES;
				CLANG_WARN_BOOL_CONVERSION = YES;
				CLANG_WARN_COMMA = YES;
				CLANG_WARN_CONSTANT_CONVERSION = YES;
				CLANG_WARN_DIRECT_OBJC_ISA_USAGE = YES_ERROR;
				CLANG_WARN_DOCUMENTATION_COMMENTS = YES;
				CLANG_WARN_EMPTY_BODY = YES;
				CLANG_WARN_ENUM_CONVERSION = YES;
				CLANG_WARN_INFINITE_RECURSION = YES;
				CLANG_WARN_INT_CONVERSION = YES;
				CLANG_WARN_NON_LITERAL_NULL_CONVERSION = YES;
				CLANG_WARN_OBJC_LITERAL_CONVERSION = YES;
				CLANG_WARN_OBJC_ROOT_CLASS = YES_ERROR;
				CLANG_WARN_RANGE_LOOP_ANALYSIS = YES;
				CLANG_WARN_STRICT_PROTOTYPES = YES;
				CLANG_WARN_SUSPICIOUS_MOVE = YES;
				CLANG_WARN_UNGUARDED_AVAILABILITY = YES_AGGRESSIVE;
				CLANG_WARN_UNREACHABLE_CODE = YES;
				CLANG_WARN__DUPLICATE_METHOD_MATCH = YES;
				CODE_SIGN_IDENTITY = "iPhone Developer";
				COPY_PHASE_STRIP = NO;
				DEBUG_INFORMATION_FORMAT = dwarf;
				ENABLE_STRICT_OBJC_MSGSEND = YES;
				ENABLE_TESTABILITY = YES;
				GCC_C_LANGUAGE_STANDARD = gnu11;
				GCC_DYNAMIC_NO_PIC = NO;
				GCC_NO_COMMON_BLOCKS = YES;
				GCC_OPTIMIZATION_LEVEL = 0;
				GCC_PREPROCESSOR_DEFINITIONS = (
					"DEBUG=1",
					"$(inherited)",
				);
				GCC_WARN_64_TO_32_BIT_CONVERSION = YES;
				GCC_WARN_ABOUT_RETURN_TYPE = YES_ERROR;
				GCC_WARN_UNDECLARED_SELECTOR = YES;
				GCC_WARN_UNINITIALIZED_AUTOS = YES_AGGRESSIVE;
				GCC_WARN_UNUSED_FUNCTION = YES;
				GCC_WARN_UNUSED_VARIABLE = YES;
				IPHONEOS_DEPLOYMENT_TARGET = 11.0;
				MTL_ENABLE_DEBUG_INFO = YES;
				ONLY_ACTIVE_ARCH = YES;
				SDKROOT = iphoneos;
				SWIFT_ACTIVE_COMPILATION_CONDITIONS = DEBUG;
				SWIFT_OPTIMIZATION_LEVEL = "-Onone";
			};
			name = Debug;
		};
		24777E801FBDE8D500CB14E4 /* Release */ = {
			isa = XCBuildConfiguration;
			buildSettings = {
				ALWAYS_SEARCH_USER_PATHS = NO;
				CLANG_ANALYZER_NONNULL = YES;
				CLANG_ANALYZER_NUMBER_OBJECT_CONVERSION = YES_AGGRESSIVE;
				CLANG_CXX_LANGUAGE_STANDARD = "gnu++14";
				CLANG_CXX_LIBRARY = "libc++";
				CLANG_ENABLE_MODULES = YES;
				CLANG_ENABLE_OBJC_ARC = YES;
				CLANG_WARN_BLOCK_CAPTURE_AUTORELEASING = YES;
				CLANG_WARN_BOOL_CONVERSION = YES;
				CLANG_WARN_COMMA = YES;
				CLANG_WARN_CONSTANT_CONVERSION = YES;
				CLANG_WARN_DIRECT_OBJC_ISA_USAGE = YES_ERROR;
				CLANG_WARN_DOCUMENTATION_COMMENTS = YES;
				CLANG_WARN_EMPTY_BODY = YES;
				CLANG_WARN_ENUM_CONVERSION = YES;
				CLANG_WARN_INFINITE_RECURSION = YES;
				CLANG_WARN_INT_CONVERSION = YES;
				CLANG_WARN_NON_LITERAL_NULL_CONVERSION = YES;
				CLANG_WARN_OBJC_LITERAL_CONVERSION = YES;
				CLANG_WARN_OBJC_ROOT_CLASS = YES_ERROR;
				CLANG_WARN_RANGE_LOOP_ANALYSIS = YES;
				CLANG_WARN_STRICT_PROTOTYPES = YES;
				CLANG_WARN_SUSPICIOUS_MOVE = YES;
				CLANG_WARN_UNGUARDED_AVAILABILITY = YES_AGGRESSIVE;
				CLANG_WARN_UNREACHABLE_CODE = YES;
				CLANG_WARN__DUPLICATE_METHOD_MATCH = YES;
				CODE_SIGN_IDENTITY = "iPhone Developer";
				COPY_PHASE_STRIP = NO;
				DEBUG_INFORMATION_FORMAT = "dwarf-with-dsym";
				ENABLE_NS_ASSERTIONS = NO;
				ENABLE_STRICT_OBJC_MSGSEND = YES;
				GCC_C_LANGUAGE_STANDARD = gnu11;
				GCC_NO_COMMON_BLOCKS = YES;
				GCC_WARN_64_TO_32_BIT_CONVERSION = YES;
				GCC_WARN_ABOUT_RETURN_TYPE = YES_ERROR;
				GCC_WARN_UNDECLARED_SELECTOR = YES;
				GCC_WARN_UNINITIALIZED_AUTOS = YES_AGGRESSIVE;
				GCC_WARN_UNUSED_FUNCTION = YES;
				GCC_WARN_UNUSED_VARIABLE = YES;
				IPHONEOS_DEPLOYMENT_TARGET = 11.0;
				MTL_ENABLE_DEBUG_INFO = NO;
				SDKROOT = iphoneos;
				SWIFT_OPTIMIZATION_LEVEL = "-Owholemodule";
				VALIDATE_PRODUCT = YES;
			};
			name = Release;
		};
		24777E821FBDE8D500CB14E4 /* Debug */ = {
			isa = XCBuildConfiguration;
			buildSettings = {
				ASSETCATALOG_COMPILER_APPICON_NAME = AppIcon;
				CODE_SIGN_STYLE = Automatic;
				INFOPLIST_FILE = LongPressGesture/Info.plist;
				LD_RUNPATH_SEARCH_PATHS = "$(inherited) @executable_path/Frameworks";
				PRODUCT_BUNDLE_IDENTIFIER = iOSRevisited.LongPressGesture;
				PRODUCT_NAME = "$(TARGET_NAME)";
				SWIFT_VERSION = 4.0;
				TARGETED_DEVICE_FAMILY = "1,2";
			};
			name = Debug;
		};
		24777E831FBDE8D500CB14E4 /* Release */ = {
			isa = XCBuildConfiguration;
			buildSettings = {
				ASSETCATALOG_COMPILER_APPICON_NAME = AppIcon;
				CODE_SIGN_STYLE = Automatic;
				INFOPLIST_FILE = LongPressGesture/Info.plist;
				LD_RUNPATH_SEARCH_PATHS = "$(inherited) @executable_path/Frameworks";
				PRODUCT_BUNDLE_IDENTIFIER = iOSRevisited.LongPressGesture;
				PRODUCT_NAME = "$(TARGET_NAME)";
				SWIFT_VERSION = 4.0;
				TARGETED_DEVICE_FAMILY = "1,2";
			};
			name = Release;
		};
		24777E851FBDE8D500CB14E4 /* Debug */ = {
			isa = XCBuildConfiguration;
			buildSettings = {
				ALWAYS_EMBED_SWIFT_STANDARD_LIBRARIES = YES;
				BUNDLE_LOADER = "$(TEST_HOST)";
				CODE_SIGN_STYLE = Automatic;
				INFOPLIST_FILE = LongPressGestureTests/Info.plist;
				LD_RUNPATH_SEARCH_PATHS = "$(inherited) @executable_path/Frameworks @loader_path/Frameworks";
				PRODUCT_BUNDLE_IDENTIFIER = iOSRevisited.LongPressGestureTests;
				PRODUCT_NAME = "$(TARGET_NAME)";
				SWIFT_VERSION = 4.0;
				TARGETED_DEVICE_FAMILY = "1,2";
				TEST_HOST = "$(BUILT_PRODUCTS_DIR)/LongPressGesture.app/LongPressGesture";
			};
			name = Debug;
		};
		24777E861FBDE8D500CB14E4 /* Release */ = {
			isa = XCBuildConfiguration;
			buildSettings = {
				ALWAYS_EMBED_SWIFT_STANDARD_LIBRARIES = YES;
				BUNDLE_LOADER = "$(TEST_HOST)";
				CODE_SIGN_STYLE = Automatic;
				INFOPLIST_FILE = LongPressGestureTests/Info.plist;
				LD_RUNPATH_SEARCH_PATHS = "$(inherited) @executable_path/Frameworks @loader_path/Frameworks";
				PRODUCT_BUNDLE_IDENTIFIER = iOSRevisited.LongPressGestureTests;
				PRODUCT_NAME = "$(TARGET_NAME)";
				SWIFT_VERSION = 4.0;
				TARGETED_DEVICE_FAMILY = "1,2";
				TEST_HOST = "$(BUILT_PRODUCTS_DIR)/LongPressGesture.app/LongPressGesture";
			};
			name = Release;
		};
		24777E881FBDE8D500CB14E4 /* Debug */ = {
			isa = XCBuildConfiguration;
			buildSettings = {
				ALWAYS_EMBED_SWIFT_STANDARD_LIBRARIES = YES;
				CODE_SIGN_STYLE = Automatic;
				INFOPLIST_FILE = LongPressGestureUITests/Info.plist;
				LD_RUNPATH_SEARCH_PATHS = "$(inherited) @executable_path/Frameworks @loader_path/Frameworks";
				PRODUCT_BUNDLE_IDENTIFIER = iOSRevisited.LongPressGestureUITests;
				PRODUCT_NAME = "$(TARGET_NAME)";
				SWIFT_VERSION = 4.0;
				TARGETED_DEVICE_FAMILY = "1,2";
				TEST_TARGET_NAME = LongPressGesture;
			};
			name = Debug;
		};
		24777E891FBDE8D500CB14E4 /* Release */ = {
			isa = XCBuildConfiguration;
			buildSettings = {
				ALWAYS_EMBED_SWIFT_STANDARD_LIBRARIES = YES;
				CODE_SIGN_STYLE = Automatic;
				INFOPLIST_FILE = LongPressGestureUITests/Info.plist;
				LD_RUNPATH_SEARCH_PATHS = "$(inherited) @executable_path/Frameworks @loader_path/Frameworks";
				PRODUCT_BUNDLE_IDENTIFIER = iOSRevisited.LongPressGestureUITests;
				PRODUCT_NAME = "$(TARGET_NAME)";
				SWIFT_VERSION = 4.0;
				TARGETED_DEVICE_FAMILY = "1,2";
				TEST_TARGET_NAME = LongPressGesture;
			};
			name = Release;
		};
/* End XCBuildConfiguration section */

/* Begin XCConfigurationList section */
		24777E541FBDE8D500CB14E4 /* Build configuration list for PBXProject "LongPressGesture" */ = {
			isa = XCConfigurationList;
			buildConfigurations = (
				24777E7F1FBDE8D500CB14E4 /* Debug */,
				24777E801FBDE8D500CB14E4 /* Release */,
			);
			defaultConfigurationIsVisible = 0;
			defaultConfigurationName = Release;
		};
		24777E811FBDE8D500CB14E4 /* Build configuration list for PBXNativeTarget "LongPressGesture" */ = {
			isa = XCConfigurationList;
			buildConfigurations = (
				24777E821FBDE8D500CB14E4 /* Debug */,
				24777E831FBDE8D500CB14E4 /* Release */,
			);
			defaultConfigurationIsVisible = 0;
			defaultConfigurationName = Release;
		};
		24777E841FBDE8D500CB14E4 /* Build configuration list for PBXNativeTarget "LongPressGestureTests" */ = {
			isa = XCConfigurationList;
			buildConfigurations = (
				24777E851FBDE8D500CB14E4 /* Debug */,
				24777E861FBDE8D500CB14E4 /* Release */,
			);
			defaultConfigurationIsVisible = 0;
			defaultConfigurationName = Release;
		};
		24777E871FBDE8D500CB14E4 /* Build configuration list for PBXNativeTarget "LongPressGestureUITests" */ = {
			isa = XCConfigurationList;
			buildConfigurations = (
				24777E881FBDE8D500CB14E4 /* Debug */,
				24777E891FBDE8D500CB14E4 /* Release */,
			);
			defaultConfigurationIsVisible = 0;
			defaultConfigurationName = Release;
		};
/* End XCConfigurationList section */
	};
	rootObject = 24777E511FBDE8D500CB14E4 /* Project object */;
}
